{
  "name": "blog",
  "version": "1.0.0",
  "lockfileVersion": 1,
  "dependencies": {
    "accepts": {
      "version": "1.3.3",
      "resolved": "http://r.cnpmjs.org/accepts/download/accepts-1.3.3.tgz",
      "integrity": "sha1-w8p0NJOGSMPg2cHjKN1otiLChMo="
    },
    "acorn": {
      "version": "2.7.0",
      "resolved": "http://r.cnpmjs.org/acorn/download/acorn-2.7.0.tgz",
      "integrity": "sha1-q259nYhqrKiwhbwzEreaGYQz8Oc="
    },
    "acorn-globals": {
      "version": "1.0.9",
      "resolved": "http://r.cnpmjs.org/acorn-globals/download/acorn-globals-1.0.9.tgz",
      "integrity": "sha1-VbtemGkVB7dFedBRNBMhfDgMVM8="
    },
    "align-text": {
      "version": "0.1.4",
      "resolved": "http://r.cnpmjs.org/align-text/download/align-text-0.1.4.tgz",
      "integrity": "sha1-DNkKVhCT810KmSVsIrcGlDP60Rc="
    },
    "amdefine": {
      "version": "1.0.1",
      "resolved": "http://r.cnpmjs.org/amdefine/download/amdefine-1.0.1.tgz",
      "integrity": "sha1-SlKCrBZHKek2Gbz9OtFR+BfOkfU="
    },
    "any-promise": {
      "version": "1.3.0",
      "resolved": "http://r.cnpmjs.org/any-promise/download/any-promise-1.3.0.tgz",
      "integrity": "sha1-q8av7tzqUugJzcA3au0845Y10X8="
    },
    "asap": {
      "version": "1.0.0",
      "resolved": "http://r.cnpmjs.org/asap/download/asap-1.0.0.tgz",
      "integrity": "sha1-sqRdpf36ILBJb8N2jMJ8EvqRan0="
    },
    "async": {
      "version": "2.1.4",
      "resolved": "http://r.cnpmjs.org/async/download/async-2.1.4.tgz",
      "integrity": "sha1-LSFgx3iAMuTdbL4lAvH5osj2zeQ=",
      "dependencies": {
        "lodash": {
          "version": "4.17.4",
          "resolved": "http://r.cnpmjs.org/lodash/download/lodash-4.17.4.tgz",
          "integrity": "sha1-eCA6TRwyiuHYbcpkYONptX9AVa4="
        }
      }
    },
    "bluebird": {
      "version": "3.5.0",
      "resolved": "http://r.cnpmjs.org/bluebird/download/bluebird-3.5.0.tgz",
      "integrity": "sha1-eRQg1/VR7qKJdFOop3ZT+WYG1nw="
    },
    "bson": {
      "version": "1.0.4",
      "resolved": "http://r.cnpmjs.org/bson/download/bson-1.0.4.tgz",
      "integrity": "sha1-k8ENOeqltYQVy8QFLz5T5WKwtyw="
    },
    "buffer-shims": {
      "version": "1.0.0",
      "resolved": "http://r.cnpmjs.org/buffer-shims/download/buffer-shims-1.0.0.tgz",
      "integrity": "sha1-mXjOMXOIxkmth5MCjDR37wRKi1E="
    },
    "bytes": {
      "version": "2.4.0",
      "resolved": "http://r.cnpmjs.org/bytes/download/bytes-2.4.0.tgz",
      "integrity": "sha1-fZcZb51br39pNeJZhVSe3SpsIzk="
    },
    "camelcase": {
      "version": "1.2.1",
      "resolved": "http://r.cnpmjs.org/camelcase/download/camelcase-1.2.1.tgz",
      "integrity": "sha1-m7UwTS4LVmmLLHWLCKPqqdqlijk="
    },
    "center-align": {
      "version": "0.1.3",
      "resolved": "http://r.cnpmjs.org/center-align/download/center-align-0.1.3.tgz",
      "integrity": "sha1-qg0yYptu6XIgBBHL1EYckHvCt60="
    },
    "character-parser": {
      "version": "1.2.1",
      "resolved": "http://r.cnpmjs.org/character-parser/download/character-parser-1.2.1.tgz",
      "integrity": "sha1-wN3kqxgnE7kZuXCVmhI+zBow/NY="
    },
    "clean-css": {
      "version": "3.4.27",
      "resolved": "http://r.cnpmjs.org/clean-css/download/clean-css-3.4.27.tgz",
      "integrity": "sha1-re91sxwWD/pdcvTeZ5ZuJmDBolU=",
      "dependencies": {
        "commander": {
          "version": "2.8.1",
          "resolved": "http://r.cnpmjs.org/commander/download/commander-2.8.1.tgz",
          "integrity": "sha1-Br42f+v9oMMwqh4qBy09yXYkJdQ="
        }
      }
    },
    "cliui": {
      "version": "2.1.0",
      "resolved": "http://r.cnpmjs.org/cliui/download/cliui-2.1.0.tgz",
      "integrity": "sha1-S0dXYP+AJkx2LDoXGQMukcf+oNE=",
      "dependencies": {
        "wordwrap": {
          "version": "0.0.2",
          "resolved": "http://r.cnpmjs.org/wordwrap/download/wordwrap-0.0.2.tgz",
          "integrity": "sha1-t5Zpu0LstAn4PVg8rVLKF+qhZD8="
        }
      }
    },
    "co": {
      "version": "4.6.0",
      "resolved": "http://r.cnpmjs.org/co/download/co-4.6.0.tgz",
      "integrity": "sha1-bqa989hTrlTMuOR7+gvz+QMfsYQ="
    },
    "co-body": {
      "version": "5.1.1",
      "resolved": "http://r.cnpmjs.org/co-body/download/co-body-5.1.1.tgz",
      "integrity": "sha1-2XeB0eM0S6SoIP0YBr3fg0FQUjY="
    },
    "co-render": {
      "version": "0.2.0",
      "resolved": "http://r.cnpmjs.org/co-render/download/co-render-0.2.0.tgz",
      "integrity": "sha1-1YpOPKH2fqoZElDMiQpCDO4jdC8="
    },
    "co-views": {
      "version": "0.3.0",
      "resolved": "http://r.cnpmjs.org/co-views/download/co-views-0.3.0.tgz",
      "integrity": "sha1-AcH7b6jqlxmpnhEJ6+HHxmSVjnA="
    },
    "commander": {
      "version": "2.6.0",
      "resolved": "http://r.cnpmjs.org/commander/download/commander-2.6.0.tgz",
      "integrity": "sha1-nfflL7Kgyw+4kFjugMMQQiXzfh0="
    },
    "consolidate": {
      "version": "0.13.1",
      "resolved": "http://r.cnpmjs.org/consolidate/download/consolidate-0.13.1.tgz",
      "integrity": "sha1-npUDVo60hQiJ2m7YeoUsjdLRP2Q=",
      "dependencies": {
        "bluebird": {
          "version": "2.11.0",
          "resolved": "http://r.cnpmjs.org/bluebird/download/bluebird-2.11.0.tgz",
          "integrity": "sha1-U0uQM8AiyVecVro7Plpcqvu2UOE="
        }
      }
    },
    "constantinople": {
      "version": "3.0.2",
      "resolved": "http://r.cnpmjs.org/constantinople/download/constantinople-3.0.2.tgz",
      "integrity": "sha1-S5RdmTeQe82Y7ldRIsOBdRZUQUE="
    },
    "content-disposition": {
      "version": "0.5.2",
      "resolved": "http://r.cnpmjs.org/content-disposition/download/content-disposition-0.5.2.tgz",
      "integrity": "sha1-DPaLud318r55YcOoUXjLhdunjLQ="
    },
    "content-type": {
      "version": "1.0.2",
      "resolved": "http://r.cnpmjs.org/content-type/download/content-type-1.0.2.tgz",
      "integrity": "sha1-t9ETrueo3Se9IRM8TcJSnfFyHu0="
    },
    "cookies": {
      "version": "0.7.0",
      "resolved": "http://r.cnpmjs.org/cookies/download/cookies-0.7.0.tgz",
      "integrity": "sha1-C8lh2RDDUlSYD8fJ7/XaEgEbvwA="
    },
    "copy-to": {
      "version": "2.0.1",
      "resolved": "http://r.cnpmjs.org/copy-to/download/copy-to-2.0.1.tgz",
      "integrity": "sha1-JoD7uAaKSNCGVrYJgJK9r8kG9KU="
    },
    "core-util-is": {
      "version": "1.0.2",
      "resolved": "http://r.cnpmjs.org/core-util-is/download/core-util-is-1.0.2.tgz",
      "integrity": "sha1-tf1UIgqivFq1eqtxQMlAdUUDwac="
    },
    "crc": {
      "version": "3.4.4",
      "resolved": "http://r.cnpmjs.org/crc/download/crc-3.4.4.tgz",
      "integrity": "sha1-naHpgOO9RPxck79as9ozeNheRms="
    },
    "css": {
      "version": "1.0.8",
      "resolved": "http://r.cnpmjs.org/css/download/css-1.0.8.tgz",
      "integrity": "sha1-k4aBHKgrzMnuf7WnMrHioxfIo+c="
    },
    "css-parse": {
      "version": "1.0.4",
      "resolved": "http://r.cnpmjs.org/css-parse/download/css-parse-1.0.4.tgz",
      "integrity": "sha1-OLBQP7+dqfVOnB29pg4UXHcRe90="
    },
    "css-stringify": {
      "version": "1.0.5",
      "resolved": "http://r.cnpmjs.org/css-stringify/download/css-stringify-1.0.5.tgz",
      "integrity": "sha1-sNBClG2ylTu50pKQCmy19tASIDE="
    },
    "debug": {
      "version": "2.6.8",
      "resolved": "http://r.cnpmjs.org/debug/download/debug-2.6.8.tgz",
      "integrity": "sha1-5zFTHKLt4n0YgiJCfaF4IdaP9Pw="
    },
    "decamelize": {
      "version": "1.2.0",
      "resolved": "http://r.cnpmjs.org/decamelize/download/decamelize-1.2.0.tgz",
      "integrity": "sha1-9lNNFRSCabIDUue+4m9QH5oZEpA="
    },
    "deep-equal": {
      "version": "1.0.1",
      "resolved": "http://r.cnpmjs.org/deep-equal/download/deep-equal-1.0.1.tgz",
      "integrity": "sha1-9dJgKStmDghO/0zbyfCK0yR0SLU="
    },
    "delegates": {
      "version": "1.0.0",
      "resolved": "http://r.cnpmjs.org/delegates/download/delegates-1.0.0.tgz",
      "integrity": "sha1-hMbhWbgZBP3KWaDvRM2HDTElD5o="
    },
    "depd": {
      "version": "1.1.0",
      "resolved": "http://r.cnpmjs.org/depd/download/depd-1.1.0.tgz",
      "integrity": "sha1-4b2Cxqq2ztlluXuIsX7T5SjKGMM="
    },
    "destroy": {
      "version": "1.0.4",
      "resolved": "http://r.cnpmjs.org/destroy/download/destroy-1.0.4.tgz",
      "integrity": "sha1-l4hXRCxEdJ5CBmE+N5RiBYJqvYA="
    },
    "ee-first": {
      "version": "1.1.1",
      "resolved": "http://r.cnpmjs.org/ee-first/download/ee-first-1.1.1.tgz",
      "integrity": "sha1-WQxhFWsK4vTwJVcyoViyZrxWsh0="
    },
    "ejs": {
      "version": "2.5.6",
      "resolved": "http://r.cnpmjs.org/ejs/download/ejs-2.5.6.tgz",
      "integrity": "sha1-R5Y2v6P+Ox3r1SCH8KyyBLTxnIg="
    },
    "enable": {
      "version": "1.3.2",
      "resolved": "http://r.cnpmjs.org/enable/download/enable-1.3.2.tgz",
      "integrity": "sha1-nrpoN9FtCYK1n4fYib91REPVKTE="
    },
    "error-inject": {
      "version": "1.0.0",
      "resolved": "http://r.cnpmjs.org/error-inject/download/error-inject-1.0.0.tgz",
      "integrity": "sha1-4rPZG1Su1nLzCdlQ0VSFD6EdTzc="
    },
    "es6-promise": {
      "version": "3.2.1",
      "resolved": "http://r.cnpmjs.org/es6-promise/download/es6-promise-3.2.1.tgz",
      "integrity": "sha1-7FYjOGgDKQkgcXDDlEjiREndH8Q="
    },
    "escape-html": {
      "version": "1.0.3",
      "resolved": "http://r.cnpmjs.org/escape-html/download/escape-html-1.0.3.tgz",
      "integrity": "sha1-Aljq5NPQwJdN4cFpGI7wBR0dGYg="
    },
    "fresh": {
      "version": "0.5.0",
      "resolved": "http://r.cnpmjs.org/fresh/download/fresh-0.5.0.tgz",
      "integrity": "sha1-9HTKXmqSRtb9jglTz6m5yAWvp44="
    },
    "graceful-readlink": {
      "version": "1.0.1",
      "resolved": "http://r.cnpmjs.org/graceful-readlink/download/graceful-readlink-1.0.1.tgz",
      "integrity": "sha1-TK+tdrxi8C+gObL5Tpo906ORpyU="
    },
    "highlight.js": {
      "version": "8.9.1",
      "resolved": "http://r.cnpmjs.org/highlight.js/download/highlight.js-8.9.1.tgz",
      "integrity": "sha1-uKnFSTISqTkvAiK2SclhFJfr+4g="
    },
    "hooks-fixed": {
      "version": "2.0.0",
      "resolved": "http://r.cnpmjs.org/hooks-fixed/download/hooks-fixed-2.0.0.tgz",
      "integrity": "sha1-oB2JTVKsf2WZu7H2PfycQR33DLo="
    },
    "http-assert": {
      "version": "1.3.0",
      "resolved": "http://r.cnpmjs.org/http-assert/download/http-assert-1.3.0.tgz",
      "integrity": "sha1-oxpc+IyHPsu1eWkH1NbxMujAHko="
    },
    "http-errors": {
      "version": "1.6.1",
      "resolved": "http://r.cnpmjs.org/http-errors/download/http-errors-1.6.1.tgz",
      "integrity": "sha1-X4uO2YrKVFZWv1cplzh/kEpyIlc="
    },
    "iconv-lite": {
      "version": "0.4.15",
      "resolved": "http://r.cnpmjs.org/iconv-lite/download/iconv-lite-0.4.15.tgz",
      "integrity": "sha1-/iZaIYrGpXz+hUkn6dBMGYJe3es="
    },
    "inflation": {
      "version": "2.0.0",
      "resolved": "http://r.cnpmjs.org/inflation/download/inflation-2.0.0.tgz",
      "integrity": "sha1-i0F+R8KPklpFEz2RTKH9OJEH8w8="
    },
    "inherits": {
      "version": "2.0.3",
      "resolved": "http://r.cnpmjs.org/inherits/download/inherits-2.0.3.tgz",
      "integrity": "sha1-Yzwsg+PaQqUC9SRmAiSA9CCCYd4="
    },
    "is-buffer": {
      "version": "1.1.5",
      "resolved": "http://r.cnpmjs.org/is-buffer/download/is-buffer-1.1.5.tgz",
      "integrity": "sha1-Hzsm72E7IUuIy8ojzGwB2Hlh7sw="
    },
    "is-generator-function": {
      "version": "1.0.6",
      "resolved": "http://r.cnpmjs.org/is-generator-function/download/is-generator-function-1.0.6.tgz",
      "integrity": "sha1-nnFlPNFf/zQcecQVFGChMdMen8Q="
    },
    "is-promise": {
      "version": "2.1.0",
      "resolved": "http://r.cnpmjs.org/is-promise/download/is-promise-2.1.0.tgz",
      "integrity": "sha1-eaKp7OfwlugPNtKy87wWwf9L8/o="
    },
    "isarray": {
      "version": "0.0.1",
      "resolved": "http://r.cnpmjs.org/isarray/download/isarray-0.0.1.tgz",
      "integrity": "sha1-ihis/Kmo9Bd+Cav8YDiTmwXR7t8="
    },
    "jade": {
      "version": "1.11.0",
      "resolved": "http://r.cnpmjs.org/jade/download/jade-1.11.0.tgz",
      "integrity": "sha1-nIDlOMEtP7lcjZu5VZ+gzAQEBf0="
    },
    "jstransformer": {
      "version": "0.0.2",
      "resolved": "http://r.cnpmjs.org/jstransformer/download/jstransformer-0.0.2.tgz",
      "integrity": "sha1-eq4pqQPRls+glz2IXT5HlH7Ndqs="
    },
    "kareem": {
      "version": "1.4.1",
      "resolved": "http://r.cnpmjs.org/kareem/download/kareem-1.4.1.tgz",
      "integrity": "sha1-7XYgAET6BB7zK02oJh4lU/EXNTE="
    },
    "keygrip": {
      "version": "1.0.1",
      "resolved": "http://r.cnpmjs.org/keygrip/download/keygrip-1.0.1.tgz",
      "integrity": "sha1-sC+kgW7vIajEs1yp5Skh/8iaMOk="
    },
    "kind-of": {
      "version": "3.2.2",
      "resolved": "http://r.cnpmjs.org/kind-of/download/kind-of-3.2.2.tgz",
      "integrity": "sha1-MeohpzS6ubuw8yRm2JOupR5KPGQ="
    },
    "koa": {
      "version": "2.2.0",
      "resolved": "http://r.cnpmjs.org/koa/download/koa-2.2.0.tgz",
      "integrity": "sha1-sFWTMYeEnVQK2Ln3MbqqS+l8ZS0="
    },
    "koa-bodyparser": {
      "version": "2.5.0",
      "resolved": "http://r.cnpmjs.org/koa-bodyparser/download/koa-bodyparser-2.5.0.tgz",
      "integrity": "sha1-PrckP0eZii53LbBfbcTg9PPMvfA="
    },
    "koa-compose": {
      "version": "3.2.1",
      "resolved": "http://r.cnpmjs.org/koa-compose/download/koa-compose-3.2.1.tgz",
      "integrity": "sha1-qFzLQLfZhtjlo0Wzoazo6rz1Tec="
    },
    "koa-convert": {
      "version": "1.2.0",
      "resolved": "http://r.cnpmjs.org/koa-convert/download/koa-convert-1.2.0.tgz",
      "integrity": "sha1-2kCHXfSd4FOQmNFwC1CCDOvNIdA="
    },
    "koa-generic-session": {
      "version": "1.11.6",
      "resolved": "http://r.cnpmjs.org/koa-generic-session/download/koa-generic-session-1.11.6.tgz",
      "integrity": "sha1-jXFMw2caa5/N4sfrTzL+e9YJZWY="
    },
    "koa-is-json": {
      "version": "1.0.0",
      "resolved": "http://r.cnpmjs.org/koa-is-json/download/koa-is-json-1.0.0.tgz",
      "integrity": "sha1-JzwH7c3Ljfaiwat9We52SRRR7BQ="
    },
    "koa-router": {
      "version": "5.4.2",
      "resolved": "http://r.cnpmjs.org/koa-router/download/koa-router-5.4.2.tgz",
      "integrity": "sha1-Tb26fnFZU9VobAO3w/29IUYx+HA="
    },
    "koa-send": {
      "version": "2.0.2",
      "resolved": "http://r.cnpmjs.org/koa-send/download/koa-send-2.0.2.tgz",
      "integrity": "sha1-Fb2kVoVA8kqJ5xTWrmpVrno0T6g="
    },
    "koa-session-mongoose": {
      "version": "0.5.2",
      "resolved": "http://r.cnpmjs.org/koa-session-mongoose/download/koa-session-mongoose-0.5.2.tgz",
      "integrity": "sha1-vqamuv7pVR958UHqeK173U1IkkU="
    },
    "koa-static": {
      "version": "1.5.2",
      "resolved": "http://r.cnpmjs.org/koa-static/download/koa-static-1.5.2.tgz",
      "integrity": "sha1-QAxh5WaUgaL4ge6FJFq+TXPB2u8="
    },
    "koa-views": {
      "version": "3.1.0",
      "resolved": "http://r.cnpmjs.org/koa-views/download/koa-views-3.1.0.tgz",
      "integrity": "sha1-Ov67Qi2d/Row7/68Wi2GYbeU9kI=",
      "dependencies": {
        "koa-send": {
          "version": "1.3.1",
          "resolved": "http://r.cnpmjs.org/koa-send/download/koa-send-1.3.1.tgz",
          "integrity": "sha1-xrkbSkMLbIMqz1HHhWT003L676A="
        },
        "mz": {
          "version": "1.3.0",
          "resolved": "http://r.cnpmjs.org/mz/download/mz-1.3.0.tgz",
          "integrity": "sha1-BvCT/dmVagbTfhsegTROJ0eMQvA="
        },
        "object-assign": {
          "version": "2.1.1",
          "resolved": "http://r.cnpmjs.org/object-assign/download/object-assign-2.1.1.tgz",
          "integrity": "sha1-Q8NuXVaf+OSBbE76i+AtJpZ8GKo="
        }
      }
    },
    "lazy-cache": {
      "version": "1.0.4",
      "resolved": "http://r.cnpmjs.org/lazy-cache/download/lazy-cache-1.0.4.tgz",
      "integrity": "sha1-odePw6UEdMuAhF07O24dpJpEbo4="
    },
    "lodash": {
      "version": "3.10.1",
      "resolved": "http://r.cnpmjs.org/lodash/download/lodash-3.10.1.tgz",
      "integrity": "sha1-W/Rejkm6QYnhfUgnid/RW9FAt7Y="
    },
    "log4js": {
      "version": "0.6.38",
      "resolved": "http://r.cnpmjs.org/log4js/download/log4js-0.6.38.tgz",
      "integrity": "sha1-LElBFmldb7JUgJQ9P8hy5mKlIv0=",
      "dependencies": {
        "readable-stream": {
          "version": "1.0.34",
          "resolved": "http://r.cnpmjs.org/readable-stream/download/readable-stream-1.0.34.tgz",
          "integrity": "sha1-Elgg40vIQtLyqq+v5MKRbuMsFXw="
        },
        "semver": {
          "version": "4.3.6",
          "resolved": "http://r.cnpmjs.org/semver/download/semver-4.3.6.tgz",
          "integrity": "sha1-MAvG4OhjdPe6YQaLWx7NV/xlMto="
        },
        "string_decoder": {
          "version": "0.10.31",
          "resolved": "http://r.cnpmjs.org/string_decoder/download/string_decoder-0.10.31.tgz",
          "integrity": "sha1-YuIDvEF2bGwoyfyEMB2rHFMQ+pQ="
        }
      }
    },
    "longest": {
      "version": "1.0.1",
      "resolved": "http://r.cnpmjs.org/longest/download/longest-1.0.1.tgz",
      "integrity": "sha1-MKCy2jj3N3DoKUoNIuZiXtd9AJc="
    },
    "marked": {
      "version": "0.3.6",
      "resolved": "http://r.cnpmjs.org/marked/download/marked-0.3.6.tgz",
      "integrity": "sha1-ssbGGPzOzk74bE/Gy4p8v1rtqNc="
    },
    "media-typer": {
      "version": "0.3.0",
      "resolved": "http://r.cnpmjs.org/media-typer/download/media-typer-0.3.0.tgz",
      "integrity": "sha1-hxDXrwqmJvj/+hzgAWhUUmMlV0g="
    },
    "methods": {
      "version": "1.1.2",
      "resolved": "http://r.cnpmjs.org/methods/download/methods-1.1.2.tgz",
      "integrity": "sha1-VSmk1nZUE07cxSZmVoNbD4Ua/O4="
    },
    "mime-db": {
      "version": "1.27.0",
      "resolved": "http://r.cnpmjs.org/mime-db/download/mime-db-1.27.0.tgz",
      "integrity": "sha1-gg9XIpa70g7CXtVeW13oaeVDbrE="
    },
    "mime-types": {
      "version": "2.1.15",
      "resolved": "http://r.cnpmjs.org/mime-types/download/mime-types-2.1.15.tgz",
      "integrity": "sha1-pOv1BkCUVpI3uM9wBGd20J/JKu0="
    },
    "minimist": {
      "version": "0.0.8",
      "resolved": "http://r.cnpmjs.org/minimist/download/minimist-0.0.8.tgz",
      "integrity": "sha1-hX/Kv8M5fSYluCKCYuhqp6ARsF0="
    },
    "mkdirp": {
      "version": "0.5.1",
      "resolved": "http://r.cnpmjs.org/mkdirp/download/mkdirp-0.5.1.tgz",
      "integrity": "sha1-MAV0OOrGz3+MR2fzhkjWaX11yQM="
    },
    "moment": {
      "version": "2.18.1",
      "resolved": "http://r.cnpmjs.org/moment/download/moment-2.18.1.tgz",
      "integrity": "sha1-w2GT3Tzhwu7SrbfIAtu8d6gbHA8="
    },
    "mongodb": {
      "version": "2.2.27",
      "resolved": "http://r.cnpmjs.org/mongodb/download/mongodb-2.2.27.tgz",
      "integrity": "sha1-NBIgNNtm2YO89qta2yaiSnD+9uY="
    },
    "mongodb-core": {
      "version": "2.1.11",
      "resolved": "http://r.cnpmjs.org/mongodb-core/download/mongodb-core-2.1.11.tgz",
      "integrity": "sha1-HDh3bOsXSZepnCiGDu2QKNqbPho="
    },
    "mongoose": {
      "version": "4.10.6",
      "resolved": "http://r.cnpmjs.org/mongoose/download/mongoose-4.10.6.tgz",
      "integrity": "sha1-zFfa2Mi5FFy9LKVpalCBqVno/Ng="
    },
    "mpath": {
      "version": "0.3.0",
      "resolved": "http://r.cnpmjs.org/mpath/download/mpath-0.3.0.tgz",
      "integrity": "sha1-elj3iem1/TyUUgY0FXlg8mvV70Q="
    },
    "mpromise": {
      "version": "0.5.5",
      "resolved": "http://r.cnpmjs.org/mpromise/download/mpromise-0.5.5.tgz",
      "integrity": "sha1-9bJCWddjrMIlewoMjG2Gb9UXMuY="
    },
    "mquery": {
      "version": "2.3.1",
      "resolved": "http://r.cnpmjs.org/mquery/download/mquery-2.3.1.tgz",
      "integrity": "sha1-mrNnSXFIAP8LtTpoHOS8TV8HyHs=",
      "dependencies": {
        "bluebird": {
          "version": "2.10.2",
          "resolved": "http://r.cnpmjs.org/bluebird/download/bluebird-2.10.2.tgz",
          "integrity": "sha1-AkpVFylTCIV/FPkfEQb8O1VfRGs="
        },
        "sliced": {
          "version": "0.0.5",
          "resolved": "http://r.cnpmjs.org/sliced/download/sliced-0.0.5.tgz",
          "integrity": "sha1-XtwETKTrb3gW1Qui/GPiXY/kcH8="
        }
      }
    },
    "ms": {
      "version": "2.0.0",
      "resolved": "http://r.cnpmjs.org/ms/download/ms-2.0.0.tgz",
      "integrity": "sha1-VgiurfwAvmwpAd9fmGF4jeDVl8g="
    },
    "muri": {
      "version": "1.2.1",
      "resolved": "http://r.cnpmjs.org/muri/download/muri-1.2.1.tgz",
      "integrity": "sha1-7H6lzmympSPrGrNbrNpfqBbJqjw="
    },
    "mz": {
      "version": "2.6.0",
      "resolved": "http://r.cnpmjs.org/mz/download/mz-2.6.0.tgz",
      "integrity": "sha1-yLhSHZWN8KTydoAl22nHGe5O8c4="
    },
    "native-or-bluebird": {
      "version": "1.2.0",
      "resolved": "http://r.cnpmjs.org/native-or-bluebird/download/native-or-bluebird-1.2.0.tgz",
      "integrity": "sha1-OcR7/Xgl0fuf+tMiEK4l2q3xAck="
    },
    "negotiator": {
      "version": "0.6.1",
      "resolved": "http://r.cnpmjs.org/negotiator/download/negotiator-0.6.1.tgz",
      "integrity": "sha1-KzJxhOiZIQEXeyhWP7XnECrNDKk="
    },
    "object-assign": {
      "version": "4.1.1",
      "resolved": "http://r.cnpmjs.org/object-assign/download/object-assign-4.1.1.tgz",
      "integrity": "sha1-IQmtx5ZYh8/AXLvUQsrIv7s2CGM="
    },
    "on-finished": {
      "version": "2.3.0",
      "resolved": "http://r.cnpmjs.org/on-finished/download/on-finished-2.3.0.tgz",
      "integrity": "sha1-IPEzZIGwg811M3mSoWlxqi2QaUc="
    },
    "only": {
      "version": "0.0.2",
      "resolved": "http://r.cnpmjs.org/only/download/only-0.0.2.tgz",
      "integrity": "sha1-Kv3oTQPlC5qO3EROMGEKcCle37Q="
    },
    "optimist": {
      "version": "0.3.7",
      "resolved": "http://r.cnpmjs.org/optimist/download/optimist-0.3.7.tgz",
      "integrity": "sha1-yQlBrVnkJzMokjB00s8ufLxuwNk="
    },
    "parseurl": {
      "version": "1.3.1",
      "resolved": "http://r.cnpmjs.org/parseurl/download/parseurl-1.3.1.tgz",
      "integrity": "sha1-yKuMkiO6NIiKpkopeyiFO+wY2lY="
    },
    "path-is-absolute": {
      "version": "1.0.1",
      "resolved": "http://r.cnpmjs.org/path-is-absolute/download/path-is-absolute-1.0.1.tgz",
      "integrity": "sha1-F0uSaHNVNP+8es5r9TpanhtcX18="
    },
    "path-to-regexp": {
      "version": "1.7.0",
      "resolved": "http://r.cnpmjs.org/path-to-regexp/download/path-to-regexp-1.7.0.tgz",
      "integrity": "sha1-Wf3g9DW62suhA6hOnTvGTpa5k30="
    },
    "process-nextick-args": {
      "version": "1.0.7",
      "resolved": "http://r.cnpmjs.org/process-nextick-args/download/process-nextick-args-1.0.7.tgz",
      "integrity": "sha1-FQ4gt1ZZCtP5EJPyWk8q2L/zC6M="
    },
    "promise": {
      "version": "6.1.0",
      "resolved": "http://r.cnpmjs.org/promise/download/promise-6.1.0.tgz",
      "integrity": "sha1-LOcp9rlLRcJoka0GAsXJDgTG7vY="
    },
    "qs": {
      "version": "6.4.0",
      "resolved": "http://r.cnpmjs.org/qs/download/qs-6.4.0.tgz",
      "integrity": "sha1-E+JtKK1rD/qpExLNO/cI7TUecjM="
    },
    "random-bytes": {
      "version": "1.0.0",
      "resolved": "http://r.cnpmjs.org/random-bytes/download/random-bytes-1.0.0.tgz",
      "integrity": "sha1-T2ih3Arli9P7lYSMMDJNt11kNgs="
    },
    "raw-body": {
      "version": "2.2.0",
      "resolved": "http://r.cnpmjs.org/raw-body/download/raw-body-2.2.0.tgz",
      "integrity": "sha1-mUl2z2pQlqQRYoQEkvC9xdbn+5Y="
    },
    "readable-stream": {
      "version": "2.2.7",
      "resolved": "http://r.cnpmjs.org/readable-stream/download/readable-stream-2.2.7.tgz",
      "integrity": "sha1-BwV6y+JGeyIELTb5jFrVBwVOlbE=",
      "dependencies": {
        "isarray": {
          "version": "1.0.0",
          "resolved": "http://r.cnpmjs.org/isarray/download/isarray-1.0.0.tgz",
          "integrity": "sha1-u5NdSFgsuhaMBoNJV6VKPgcSTxE="
        }
      }
    },
    "regexp-clone": {
      "version": "0.0.1",
      "resolved": "http://r.cnpmjs.org/regexp-clone/download/regexp-clone-0.0.1.tgz",
      "integrity": "sha1-p8LgmJH9vzj7sQ03b7cwA+aKxYk="
    },
    "repeat-string": {
      "version": "1.6.1",
      "resolved": "http://r.cnpmjs.org/repeat-string/download/repeat-string-1.6.1.tgz",
      "integrity": "sha1-jcrkcOHIirwtYA//Sndihtp15jc="
    },
    "require_optional": {
      "version": "1.0.1",
      "resolved": "http://r.cnpmjs.org/require_optional/download/require_optional-1.0.1.tgz",
      "integrity": "sha1-TPNaQkf2TKPfjC7yCMxJSxyo/C4="
    },
    "resolve-from": {
      "version": "2.0.0",
      "resolved": "http://r.cnpmjs.org/resolve-from/download/resolve-from-2.0.0.tgz",
      "integrity": "sha1-lICrIOlP+h2egKgEx+oUdhGWa1c="
    },
    "resolve-path": {
      "version": "1.3.3",
      "resolved": "http://r.cnpmjs.org/resolve-path/download/resolve-path-1.3.3.tgz",
      "integrity": "sha1-TYOrpkaMK45jKldeP1Kw+g2+Glw=",
      "dependencies": {
        "http-errors": {
          "version": "1.5.1",
          "resolved": "http://r.cnpmjs.org/http-errors/download/http-errors-1.5.1.tgz",
          "integrity": "sha1-eIwNLB3iyBuebowBhDtrl+uSB1A="
        },
        "setprototypeof": {
          "version": "1.0.2",
          "resolved": "http://r.cnpmjs.org/setprototypeof/download/setprototypeof-1.0.2.tgz",
          "integrity": "sha1-gaVSFB7BBLiOic44MQOtXGZWTQg="
        }
      }
    },
    "right-align": {
      "version": "0.1.3",
      "resolved": "http://r.cnpmjs.org/right-align/download/right-align-0.1.3.tgz",
      "integrity": "sha1-YTObci/mo1FWiSENJOFMlhSGE+8="
    },
    "safe-buffer": {
      "version": "5.0.1",
      "resolved": "http://r.cnpmjs.org/safe-buffer/download/safe-buffer-5.0.1.tgz",
      "integrity": "sha1-0mPKVGls2KMGtcplUekt5XkY++c="
    },
    "semver": {
      "version": "5.3.0",
      "resolved": "http://r.cnpmjs.org/semver/download/semver-5.3.0.tgz",
      "integrity": "sha1-myzl094C0XxgEq0yaqa00M9U+U8="
    },
    "setprototypeof": {
      "version": "1.0.3",
      "resolved": "http://r.cnpmjs.org/setprototypeof/download/setprototypeof-1.0.3.tgz",
      "integrity": "sha1-ZlZ+NwQ+608E2RvWWMDL77VbjgQ="
    },
    "sliced": {
      "version": "1.0.1",
      "resolved": "http://r.cnpmjs.org/sliced/download/sliced-1.0.1.tgz",
      "integrity": "sha1-CzpmK10Ewxd7GSa+qCsD+Dei70E="
    },
    "source-map": {
      "version": "0.4.4",
      "resolved": "http://r.cnpmjs.org/source-map/download/source-map-0.4.4.tgz",
      "integrity": "sha1-66T12pwNyZneaAMti092FzZSA2s="
    },
    "statuses": {
      "version": "1.3.1",
      "resolved": "http://r.cnpmjs.org/statuses/download/statuses-1.3.1.tgz",
      "integrity": "sha1-+vUbnrdKrvOzrPStX2Gr8ky3uT4="
    },
    "string_decoder": {
      "version": "1.0.2",
      "resolved": "http://r.cnpmjs.org/string_decoder/download/string_decoder-1.0.2.tgz",
      "integrity": "sha1-sp4fThEl+pehA4K4pTNze3SR4Xk="
    },
    "thenify": {
      "version": "3.3.0",
      "resolved": "http://r.cnpmjs.org/thenify/download/thenify-3.3.0.tgz",
      "integrity": "sha1-5p44obq+lpsBCCB5eLn2K4hgSDk="
    },
    "thenify-all": {
      "version": "1.6.0",
      "resolved": "http://r.cnpmjs.org/thenify-all/download/thenify-all-1.6.0.tgz",
      "integrity": "sha1-GhkY1ALY/D+Y+/I02wvMjMEOlyY="
    },
    "thunkify-wrap": {
      "version": "1.0.4",
      "resolved": "http://r.cnpmjs.org/thunkify-wrap/download/thunkify-wrap-1.0.4.tgz",
      "integrity": "sha1-tSvlSN3+/aIOALWMYJZ2K0PdaIA="
    },
    "transformers": {
      "version": "2.1.0",
      "resolved": "http://r.cnpmjs.org/transformers/download/transformers-2.1.0.tgz",
      "integrity": "sha1-XSPLNVYd2F3Gf7hIIwm0fVPM6ac=",
      "dependencies": {
        "is-promise": {
          "version": "1.0.1",
          "resolved": "http://r.cnpmjs.org/is-promise/download/is-promise-1.0.1.tgz",
          "integrity": "sha1-MVc3YcBX4zwukaq56W2gjO++duU="
        },
        "promise": {
          "version": "2.0.0",
          "resolved": "http://r.cnpmjs.org/promise/download/promise-2.0.0.tgz",
          "integrity": "sha1-RmSKqdYFr10ucMMCS/WUNtoCuA4="
        },
        "source-map": {
          "version": "0.1.43",
          "resolved": "http://r.cnpmjs.org/source-map/download/source-map-0.1.43.tgz",
          "integrity": "sha1-wkvBRspRfBRx9drL4lcbK3+eM0Y="
        },
        "uglify-js": {
          "version": "2.2.5",
          "resolved": "http://r.cnpmjs.org/uglify-js/download/uglify-js-2.2.5.tgz",
          "integrity": "sha1-puAqcNg5eSuXgEiLe4sYTAlcmcc="
        }
      }
    },
    "type-is": {
      "version": "1.6.15",
      "resolved": "http://r.cnpmjs.org/type-is/download/type-is-1.6.15.tgz",
      "integrity": "sha1-yrEPtJCeRByChC6v4a1kbIGARBA="
    },
    "uglify-js": {
      "version": "2.8.29",
      "resolved": "http://r.cnpmjs.org/uglify-js/download/uglify-js-2.8.29.tgz",
      "integrity": "sha1-KcVzMUgFe7Th913zW3qcty5qWd0=",
      "dependencies": {
        "source-map": {
          "version": "0.5.6",
          "resolved": "http://r.cnpmjs.org/source-map/download/source-map-0.5.6.tgz",
          "integrity": "sha1-dc449SvwczxafwwRjYEzSiu19BI="
        }
      }
    },
    "uglify-to-browserify": {
      "version": "1.0.2",
      "resolved": "http://r.cnpmjs.org/uglify-to-browserify/download/uglify-to-browserify-1.0.2.tgz",
      "integrity": "sha1-bgkk1r2mta/jSeOabWMoUKD4grc=",
      "optional": true
    },
    "uid-safe": {
      "version": "2.1.4",
      "resolved": "http://r.cnpmjs.org/uid-safe/download/uid-safe-2.1.4.tgz",
      "integrity": "sha1-Otbzg2jG1MjHXsF2I/t5qh0HHYE="
    },
    "unpipe": {
      "version": "1.0.0",
      "resolved": "http://r.cnpmjs.org/unpipe/download/unpipe-1.0.0.tgz",
      "integrity": "sha1-sr9O6FFKrmFltIF4KdIbLvSZBOw="
    },
    "util-deprecate": {
      "version": "1.0.2",
      "resolved": "http://r.cnpmjs.org/util-deprecate/download/util-deprecate-1.0.2.tgz",
      "integrity": "sha1-RQ1Nyfpw3nMnYvvS1KKJgUGaDM8="
    },
    "utils-merge": {
      "version": "1.0.0",
      "resolved": "http://r.cnpmjs.org/utils-merge/download/utils-merge-1.0.0.tgz",
      "integrity": "sha1-ApT7kiu5N1FTVBxPcJYjHyh8ivg="
    },
    "vary": {
      "version": "1.1.1",
      "resolved": "http://r.cnpmjs.org/vary/download/vary-1.1.1.tgz",
      "integrity": "sha1-Z1Neu2lMHVIldFeYRmUyP1h+jTc="
    },
    "void-elements": {
      "version": "2.0.1",
      "resolved": "http://r.cnpmjs.org/void-elements/download/void-elements-2.0.1.tgz",
      "integrity": "sha1-wGavtYK7HLQSjWDqkjkulNXp2+w="
    },
    "window-size": {
      "version": "0.1.0",
      "resolved": "http://r.cnpmjs.org/window-size/download/window-size-0.1.0.tgz",
      "integrity": "sha1-VDjNLqk7IC76Ohn+iIeu58lPnJ0="
    },
    "with": {
      "version": "4.0.3",
      "resolved": "http://r.cnpmjs.org/with/download/with-4.0.3.tgz",
      "integrity": "sha1-7v0VTp550sjTQXtkeo8U2f7M4U4=",
      "dependencies": {
        "acorn": {
          "version": "1.2.2",
          "resolved": "http://r.cnpmjs.org/acorn/download/acorn-1.2.2.tgz",
          "integrity": "sha1-yM4n3grMdtiW0rH6099YjZ6C8BQ="
        }
      }
    },
    "wordwrap": {
      "version": "0.0.3",
      "resolved": "http://r.cnpmjs.org/wordwrap/download/wordwrap-0.0.3.tgz",
      "integrity": "sha1-o9XabNXAvAAI03I0u68b7WMFkQc="
    },
    "yargs": {
      "version": "3.10.0",
      "resolved": "http://r.cnpmjs.org/yargs/download/yargs-3.10.0.tgz",
      "integrity": "sha1-9+572FfdfB0tOMDnTvvWgdFDH9E="
    }
  }
}
